<?xml version="1.0" encoding="utf-8"?>
<Project ToolsVersion="4.0" xmlns="http://schemas.microsoft.com/developer/msbuild/2003">
  <ItemGroup>
    <Filter Include="Core">
      <UniqueIdentifier>{4d6cc90b-dcde-4932-9384-5f7353b5f289}</UniqueIdentifier>
    </Filter>
    <Filter Include="Window">
      <UniqueIdentifier>{6fccc175-43d3-4fdd-b51f-dd18bbbe3da5}</UniqueIdentifier>
    </Filter>
    <Filter Include="glad">
      <UniqueIdentifier>{adfc8dc7-74dd-40f5-aa77-3a0620fab0bd}</UniqueIdentifier>
    </Filter>
    <Filter Include="Components">
      <UniqueIdentifier>{d3a6e7f0-c2a4-48d9-ac57-8f969892730c}</UniqueIdentifier>
    </Filter>
    <Filter Include="Core\System">
      <UniqueIdentifier>{cdeb5d5d-241a-4b91-9e40-76b2fe0b20f7}</UniqueIdentifier>
    </Filter>
    <Filter Include="Resource Files">
      <UniqueIdentifier>{124fe819-8be0-4bcc-835f-7a7dfcac81a9}</UniqueIdentifier>
    </Filter>
    <Filter Include="Resource Files\Shader">
      <UniqueIdentifier>{d7be506b-5549-4107-83c9-88018efec1e4}</UniqueIdentifier>
    </Filter>
    <Filter Include="Core\General">
      <UniqueIdentifier>{e06577c0-c687-4929-a933-e3053ac18496}</UniqueIdentifier>
    </Filter>
    <Filter Include="Input">
      <UniqueIdentifier>{2739dea7-f609-4fef-a46e-002fdeb62ea0}</UniqueIdentifier>
    </Filter>
    <Filter Include="Resource Files\Image">
      <UniqueIdentifier>{76402879-6348-4251-bf2b-ed8c0d4b31cb}</UniqueIdentifier>
    </Filter>
    <Filter Include="GameObject">
      <UniqueIdentifier>{a015ed1c-780d-4f61-9981-430c2637aa58}</UniqueIdentifier>
    </Filter>
    <Filter Include="Shader">
      <UniqueIdentifier>{0660a069-ff8d-4081-b746-382fa07b060d}</UniqueIdentifier>
    </Filter>
  </ItemGroup>
  <ItemGroup>
    <ClCompile Include="Core\main.cpp">
      <Filter>Core</Filter>
    </ClCompile>
    <ClCompile Include="Window\Window.cpp">
      <Filter>Window</Filter>
    </ClCompile>
    <ClCompile Include="glad\src\glad.c">
      <Filter>glad</Filter>
    </ClCompile>
    <ClCompile Include="glad\Loader.cpp">
      <Filter>glad</Filter>
    </ClCompile>
    <ClCompile Include="Components\Mesh.cpp">
      <Filter>Components</Filter>
    </ClCompile>
    <ClCompile Include="Components\Material.cpp">
      <Filter>Components</Filter>
    </ClCompile>
    <ClCompile Include="Core\System\DataManager.cpp">
      <Filter>Core\System</Filter>
    </ClCompile>
    <ClCompile Include="Core\General\Variables.cpp">
      <Filter>Core\General</Filter>
    </ClCompile>
    <ClCompile Include="Components\Camera.cpp">
      <Filter>Components</Filter>
    </ClCompile>
    <ClCompile Include="Input\UserInput.cpp">
      <Filter>Input</Filter>
    </ClCompile>
    <ClCompile Include="Core\General\Time.cpp">
      <Filter>Core\General</Filter>
    </ClCompile>
    <ClCompile Include="GameObject\GameObject.cpp">
      <Filter>GameObject</Filter>
    </ClCompile>
    <ClCompile Include="Shader\Shader.cpp">
      <Filter>Shader</Filter>
    </ClCompile>
    <ClCompile Include="Shader\Texture.cpp">
      <Filter>Shader</Filter>
    </ClCompile>
    <ClCompile Include="Components\Transform.cpp">
      <Filter>Components</Filter>
    </ClCompile>
  </ItemGroup>
  <ItemGroup>
    <ClInclude Include="Window\Window.h">
      <Filter>Window</Filter>
    </ClInclude>
    <ClInclude Include="glad\Loader.h">
      <Filter>glad</Filter>
    </ClInclude>
    <ClInclude Include="Components\Mesh.h">
      <Filter>Components</Filter>
    </ClInclude>
    <ClInclude Include="Components\Component.h">
      <Filter>Components</Filter>
    </ClInclude>
    <ClInclude Include="Components\Material.h">
      <Filter>Components</Filter>
    </ClInclude>
    <ClInclude Include="Core\System\DataManager.h">
      <Filter>Core\System</Filter>
    </ClInclude>
    <ClInclude Include="Core\General\Variables.h">
      <Filter>Core\General</Filter>
    </ClInclude>
    <ClInclude Include="Components\Camera.h">
      <Filter>Components</Filter>
    </ClInclude>
    <ClInclude Include="Input\UserInput.h">
      <Filter>Input</Filter>
    </ClInclude>
    <ClInclude Include="Core\General\Time.h">
      <Filter>Core\General</Filter>
    </ClInclude>
    <ClInclude Include="GameObject\GameObject.h">
      <Filter>GameObject</Filter>
    </ClInclude>
    <ClInclude Include="Shader\Shader.h">
      <Filter>Shader</Filter>
    </ClInclude>
    <ClInclude Include="Shader\Texture.h">
      <Filter>Shader</Filter>
    </ClInclude>
    <ClInclude Include="Core\General\DrawData.h">
      <Filter>Core\General</Filter>
    </ClInclude>
    <ClInclude Include="Components\Transform.h">
      <Filter>Components</Filter>
    </ClInclude>
  </ItemGroup>
  <ItemGroup>
    <None Include="Resource Files\Shader\DefaultFragment.glsl">
      <Filter>Resource Files\Shader</Filter>
    </None>
    <None Include="Resource Files\Shader\DefaultVertex.glsl">
      <Filter>Resource Files\Shader</Filter>
    </None>
    <None Include="Resource Files\Shader\AmbientFragment.glsl">
      <Filter>Resource Files\Shader</Filter>
    </None>
    <None Include="Resource Files\Shader\AmbientVertex.glsl">
      <Filter>Resource Files\Shader</Filter>
    </None>
  </ItemGroup>
  <ItemGroup>
    <Image Include="Resource Files\Image\SAE_Institute_Black_Logo.jpg">
      <Filter>Resource Files\Image</Filter>
    </Image>
  </ItemGroup>
</Project>